
Microsoft Visual Studio Solution File, Format Version 12.00
# Visual Studio Version 17
VisualStudioVersion = 17.13.35806.99 d17.13
MinimumVisualStudioVersion = 10.0.40219.1
Project("{FAE04EC0-301F-11D3-BF4B-00C04F79EFBC}") = "UnitofWork", "UnitofWork\UnitofWork.csproj", "{58D5CEA0-D604-4520-A999-F10A50425536}"
EndProject
Project("{FAE04EC0-301F-11D3-BF4B-00C04F79EFBC}") = "UnitofWork.WebApi", "UnitofWork.WebApi\UnitofWork.WebApi.csproj", "{682BD971-3B50-48F3-80FC-B808E59E0295}"
EndProject
Global
	GlobalSection(SolutionConfigurationPlatforms) = preSolution
		Debug|Any CPU = Debug|Any CPU
		Release|Any CPU = Release|Any CPU
	EndGlobalSection
	GlobalSection(ProjectConfigurationPlatforms) = postSolution
		{58D5CEA0-D604-4520-A999-F10A50425536}.Debug|Any CPU.ActiveCfg = Debug|Any CPU
		{58D5CEA0-D604-4520-A999-F10A50425536}.Debug|Any CPU.Build.0 = Debug|Any CPU
		{58D5CEA0-D604-4520-A999-F10A50425536}.Release|Any CPU.ActiveCfg = Release|Any CPU
		{58D5CEA0-D604-4520-A999-F10A50425536}.Release|Any CPU.Build.0 = Release|Any CPU
		{682BD971-3B50-48F3-80FC-B808E59E0295}.Debug|Any CPU.ActiveCfg = Debug|Any CPU
		{682BD971-3B50-48F3-80FC-B808E59E0295}.Debug|Any CPU.Build.0 = Debug|Any CPU
		{682BD971-3B50-48F3-80FC-B808E59E0295}.Release|Any CPU.ActiveCfg = Release|Any CPU
		{682BD971-3B50-48F3-80FC-B808E59E0295}.Release|Any CPU.Build.0 = Release|Any CPU
	EndGlobalSection
	GlobalSection(SolutionProperties) = preSolution
		HideSolutionNode = FALSE
	EndGlobalSection
	GlobalSection(ExtensibilityGlobals) = postSolution
		SolutionGuid = {5349F2BE-F55F-4327-BC8E-10BC3211AD77}
	EndGlobalSection
EndGlobal
